
Microsoft Visual Studio Solution File, Format Version 12.00
# Visual Studio Version 16
VisualStudioVersion = 16.0.31624.102
MinimumVisualStudioVersion = 10.0.40219.1
Project("{FAE04EC0-301F-11D3-BF4B-00C04F79EFBC}") = "Random stuff generator", "Random stuff generator\Random stuff generator.csproj", "{9B34B2FA-C811-4B38-B3B9-E66AB915AA26}"
EndProject
Global
	GlobalSection(SolutionConfigurationPlatforms) = preSolution
		Debug|Any CPU = Debug|Any CPU
		Release|Any CPU = Release|Any CPU
	EndGlobalSection
	GlobalSection(ProjectConfigurationPlatforms) = postSolution
		{9B34B2FA-C811-4B38-B3B9-E66AB915AA26}.Debug|Any CPU.ActiveCfg = Debug|Any CPU
		{9B34B2FA-C811-4B38-B3B9-E66AB915AA26}.Debug|Any CPU.Build.0 = Debug|Any CPU
		{9B34B2FA-C811-4B38-B3B9-E66AB915AA26}.Release|Any CPU.ActiveCfg = Release|Any CPU
		{9B34B2FA-C811-4B38-B3B9-E66AB915AA26}.Release|Any CPU.Build.0 = Release|Any CPU
	EndGlobalSection
	GlobalSection(SolutionProperties) = preSolution
		HideSolutionNode = FALSE
	EndGlobalSection
	GlobalSection(ExtensibilityGlobals) = postSolution
		SolutionGuid = {35DE58EA-EFA6-42B1-9840-B0342D3873A9}
	EndGlobalSection
EndGlobal
